// !$*UTF8*$!
{
	archiveVersion = 1;
	classes = {
	};
	objectVersion = 56;
	objects = {

/* Begin PBXBuildFile section */
		CC8F278B2B61D7D700FCCB5D /* AppDelegate.swift in Sources */ = {isa = PBXBuildFile; fileRef = CC8F278A2B61D7D700FCCB5D /* AppDelegate.swift */; };
		CC8F278D2B61D7D700FCCB5D /* SceneDelegate.swift in Sources */ = {isa = PBXBuildFile; fileRef = CC8F278C2B61D7D700FCCB5D /* SceneDelegate.swift */; };
		CC8F278F2B61D7D700FCCB5D /* LoginViewController.swift in Sources */ = {isa = PBXBuildFile; fileRef = CC8F278E2B61D7D700FCCB5D /* LoginViewController.swift */; };
		CC8F27942B61D7D800FCCB5D /* Assets.xcassets in Resources */ = {isa = PBXBuildFile; fileRef = CC8F27932B61D7D800FCCB5D /* Assets.xcassets */; };
		CC8F27972B61D7D800FCCB5D /* LaunchScreen.storyboard in Resources */ = {isa = PBXBuildFile; fileRef = CC8F27952B61D7D800FCCB5D /* LaunchScreen.storyboard */; };
		CC8F27A32B61DB1400FCCB5D /* UIViewLayoutExtension.swift in Sources */ = {isa = PBXBuildFile; fileRef = CC8F27A22B61DB1400FCCB5D /* UIViewLayoutExtension.swift */; };
		CC8F27A52B61DD1300FCCB5D /* LoginScreen.swift in Sources */ = {isa = PBXBuildFile; fileRef = CC8F27A42B61DD1300FCCB5D /* LoginScreen.swift */; };
/* End PBXBuildFile section */

/* Begin PBXFileReference section */
		CC8F27872B61D7D700FCCB5D /* AppBFBackFront.app */ = {isa = PBXFileReference; explicitFileType = wrapper.application; includeInIndex = 0; path = AppBFBackFront.app; sourceTree = BUILT_PRODUCTS_DIR; };
		CC8F278A2B61D7D700FCCB5D /* AppDelegate.swift */ = {isa = PBXFileReference; lastKnownFileType = sourcecode.swift; path = AppDelegate.swift; sourceTree = "<group>"; };
		CC8F278C2B61D7D700FCCB5D /* SceneDelegate.swift */ = {isa = PBXFileReference; lastKnownFileType = sourcecode.swift; path = SceneDelegate.swift; sourceTree = "<group>"; };
		CC8F278E2B61D7D700FCCB5D /* LoginViewController.swift */ = {isa = PBXFileReference; lastKnownFileType = sourcecode.swift; path = LoginViewController.swift; sourceTree = "<group>"; };
		CC8F27932B61D7D800FCCB5D /* Assets.xcassets */ = {isa = PBXFileReference; lastKnownFileType = folder.assetcatalog; path = Assets.xcassets; sourceTree = "<group>"; };
		CC8F27962B61D7D800FCCB5D /* Base */ = {isa = PBXFileReference; lastKnownFileType = file.storyboard; name = Base; path = Base.lproj/LaunchScreen.storyboard; sourceTree = "<group>"; };
		CC8F27982B61D7D800FCCB5D /* Info.plist */ = {isa = PBXFileReference; lastKnownFileType = text.plist.xml; path = Info.plist; sourceTree = "<group>"; };
		CC8F27A22B61DB1400FCCB5D /* UIViewLayoutExtension.swift */ = {isa = PBXFileReference; lastKnownFileType = sourcecode.swift; path = UIViewLayoutExtension.swift; sourceTree = "<group>"; };
		CC8F27A42B61DD1300FCCB5D /* LoginScreen.swift */ = {isa = PBXFileReference; lastKnownFileType = sourcecode.swift; path = LoginScreen.swift; sourceTree = "<group>"; };
/* End PBXFileReference section */

/* Begin PBXFrameworksBuildPhase section */
		CC8F27842B61D7D600FCCB5D /* Frameworks */ = {
			isa = PBXFrameworksBuildPhase;
			buildActionMask = 2147483647;
			files = (
			);
			runOnlyForDeploymentPostprocessing = 0;
		};
/* End PBXFrameworksBuildPhase section */

/* Begin PBXGroup section */
		CC8F277E2B61D7D600FCCB5D = {
			isa = PBXGroup;
			children = (
				CC8F27892B61D7D700FCCB5D /* AppBFBackFront */,
				CC8F27882B61D7D700FCCB5D /* Products */,
			);
			sourceTree = "<group>";
		};
		CC8F27882B61D7D700FCCB5D /* Products */ = {
			isa = PBXGroup;
			children = (
				CC8F27872B61D7D700FCCB5D /* AppBFBackFront.app */,
			);
			name = Products;
			sourceTree = "<group>";
		};
		CC8F27892B61D7D700FCCB5D /* AppBFBackFront */ = {
			isa = PBXGroup;
			children = (
				CC8F279E2B61DA4000FCCB5D /* Login */,
				CC8F27A12B61DAA300FCCB5D /* Util */,
				CC8F278A2B61D7D700FCCB5D /* AppDelegate.swift */,
				CC8F278C2B61D7D700FCCB5D /* SceneDelegate.swift */,
				CC8F27932B61D7D800FCCB5D /* Assets.xcassets */,
				CC8F27952B61D7D800FCCB5D /* LaunchScreen.storyboard */,
				CC8F27982B61D7D800FCCB5D /* Info.plist */,
			);
			path = AppBFBackFront;
			sourceTree = "<group>";
		};
		CC8F279E2B61DA4000FCCB5D /* Login */ = {
			isa = PBXGroup;
			children = (
				CC8F27A02B61DA8F00FCCB5D /* LoginScreen */,
				CC8F279F2B61DA7200FCCB5D /* ViewController */,
			);
			path = Login;
			sourceTree = "<group>";
		};
		CC8F279F2B61DA7200FCCB5D /* ViewController */ = {
			isa = PBXGroup;
			children = (
				CC8F278E2B61D7D700FCCB5D /* LoginViewController.swift */,
			);
			path = ViewController;
			sourceTree = "<group>";
		};
		CC8F27A02B61DA8F00FCCB5D /* LoginScreen */ = {
			isa = PBXGroup;
			children = (
				CC8F27A42B61DD1300FCCB5D /* LoginScreen.swift */,
			);
			path = LoginScreen;
			sourceTree = "<group>";
		};
		CC8F27A12B61DAA300FCCB5D /* Util */ = {
			isa = PBXGroup;
			children = (
				CC8F27A22B61DB1400FCCB5D /* UIViewLayoutExtension.swift */,
			);
			path = Util;
			sourceTree = "<group>";
		};
/* End PBXGroup section */

/* Begin PBXNativeTarget section */
		CC8F27862B61D7D600FCCB5D /* AppBFBackFront */ = {
			isa = PBXNativeTarget;
			buildConfigurationList = CC8F279B2B61D7D800FCCB5D /* Build configuration list for PBXNativeTarget "AppBFBackFront" */;
			buildPhases = (
				CC8F27832B61D7D600FCCB5D /* Sources */,
				CC8F27842B61D7D600FCCB5D /* Frameworks */,
				CC8F27852B61D7D600FCCB5D /* Resources */,
			);
			buildRules = (
			);
			dependencies = (
			);
			name = AppBFBackFront;
			productName = AppBFBackFront;
			productReference = CC8F27872B61D7D700FCCB5D /* AppBFBackFront.app */;
			productType = "com.apple.product-type.application";
		};
/* End PBXNativeTarget section */

/* Begin PBXProject section */
		CC8F277F2B61D7D600FCCB5D /* Project object */ = {
			isa = PBXProject;
			attributes = {
				BuildIndependentTargetsInParallel = 1;
				LastSwiftUpdateCheck = 1520;
				LastUpgradeCheck = 1520;
				TargetAttributes = {
					CC8F27862B61D7D600FCCB5D = {
						CreatedOnToolsVersion = 15.2;
					};
				};
			};
			buildConfigurationList = CC8F27822B61D7D600FCCB5D /* Build configuration list for PBXProject "AppBFBackFront" */;
			compatibilityVersion = "Xcode 14.0";
			developmentRegion = en;
			hasScannedForEncodings = 0;
			knownRegions = (
				en,
				Base,
			);
			mainGroup = CC8F277E2B61D7D600FCCB5D;
			productRefGroup = CC8F27882B61D7D700FCCB5D /* Products */;
			projectDirPath = "";
			projectRoot = "";
			targets = (
				CC8F27862B61D7D600FCCB5D /* AppBFBackFront */,
			);
		};
/* End PBXProject section */

/* Begin PBXResourcesBuildPhase section */
		CC8F27852B61D7D600FCCB5D /* Resources */ = {
			isa = PBXResourcesBuildPhase;
			buildActionMask = 2147483647;
			files = (
				CC8F27972B61D7D800FCCB5D /* LaunchScreen.storyboard in Resources */,
				CC8F27942B61D7D800FCCB5D /* Assets.xcassets in Resources */,
			);
			runOnlyForDeploymentPostprocessing = 0;
		};
/* End PBXResourcesBuildPhase section */

/* Begin PBXSourcesBuildPhase section */
		CC8F27832B61D7D600FCCB5D /* Sources */ = {
			isa = PBXSourcesBuildPhase;
			buildActionMask = 2147483647;
			files = (
				CC8F278F2B61D7D700FCCB5D /* LoginViewController.swift in Sources */,
				CC8F278B2B61D7D700FCCB5D /* AppDelegate.swift in Sources */,
				CC8F27A32B61DB1400FCCB5D /* UIViewLayoutExtension.swift in Sources */,
				CC8F278D2B61D7D700FCCB5D /* SceneDelegate.swift in Sources */,
				CC8F27A52B61DD1300FCCB5D /* LoginScreen.swift in Sources */,
			);
			runOnlyForDeploymentPostprocessing = 0;
		};
/* End PBXSourcesBuildPhase section */

/* Begin PBXVariantGroup section */
		CC8F27952B61D7D800FCCB5D /* LaunchScreen.storyboard */ = {
			isa = PBXVariantGroup;
			children = (
				CC8F27962B61D7D800FCCB5D /* Base */,
			);
			name = LaunchScreen.storyboard;
			sourceTree = "<group>";
		};
/* End PBXVariantGroup section */

/* Begin XCBuildConfiguration section */
		CC8F27992B61D7D800FCCB5D /* Debug */ = {
			isa = XCBuildConfiguration;
			buildSettings = {
				ALWAYS_SEARCH_USER_PATHS = NO;
				ASSETCATALOG_COMPILER_GENERATE_SWIFT_ASSET_SYMBOL_EXTENSIONS = YES;
				CLANG_ANALYZER_NONNULL = YES;
				CLANG_ANALYZER_NUMBER_OBJECT_CONVERSION = YES_AGGRESSIVE;
				CLANG_CXX_LANGUAGE_STANDARD = "gnu++20";
				CLANG_ENABLE_MODULES = YES;
				CLANG_ENABLE_OBJC_ARC = YES;
				CLANG_ENABLE_OBJC_WEAK = YES;
				CLANG_WARN_BLOCK_CAPTURE_AUTORELEASING = YES;
				CLANG_WARN_BOOL_CONVERSION = YES;
				CLANG_WARN_COMMA = YES;
				CLANG_WARN_CONSTANT_CONVERSION = YES;
				CLANG_WARN_DEPRECATED_OBJC_IMPLEMENTATIONS = YES;
				CLANG_WARN_DIRECT_OBJC_ISA_USAGE = YES_ERROR;
				CLANG_WARN_DOCUMENTATION_COMMENTS = YES;
				CLANG_WARN_EMPTY_BODY = YES;
				CLANG_WARN_ENUM_CONVERSION = YES;
				CLANG_WARN_INFINITE_RECURSION = YES;
				CLANG_WARN_INT_CONVERSION = YES;
				CLANG_WARN_NON_LITERAL_NULL_CONVERSION = YES;
				CLANG_WARN_OBJC_IMPLICIT_RETAIN_SELF = YES;
				CLANG_WARN_OBJC_LITERAL_CONVERSION = YES;
				CLANG_WARN_OBJC_ROOT_CLASS = YES_ERROR;
				CLANG_WARN_QUOTED_INCLUDE_IN_FRAMEWORK_HEADER = YES;
				CLANG_WARN_RANGE_LOOP_ANALYSIS = YES;
				CLANG_WARN_STRICT_PROTOTYPES = YES;
				CLANG_WARN_SUSPICIOUS_MOVE = YES;
				CLANG_WARN_UNGUARDED_AVAILABILITY = YES_AGGRESSIVE;
				CLANG_WARN_UNREACHABLE_CODE = YES;
				CLANG_WARN__DUPLICATE_METHOD_MATCH = YES;
				COPY_PHASE_STRIP = NO;
				DEBUG_INFORMATION_FORMAT = dwarf;
				ENABLE_STRICT_OBJC_MSGSEND = YES;
				ENABLE_TESTABILITY = YES;
				ENABLE_USER_SCRIPT_SANDBOXING = YES;
				GCC_C_LANGUAGE_STANDARD = gnu17;
				GCC_DYNAMIC_NO_PIC = NO;
				GCC_NO_COMMON_BLOCKS = YES;
				GCC_OPTIMIZATION_LEVEL = 0;
				GCC_PREPROCESSOR_DEFINITIONS = (
					"DEBUG=1",
					"$(inherited)",
				);
				GCC_WARN_64_TO_32_BIT_CONVERSION = YES;
				GCC_WARN_ABOUT_RETURN_TYPE = YES_ERROR;
				GCC_WARN_UNDECLARED_SELECTOR = YES;
				GCC_WARN_UNINITIALIZED_AUTOS = YES_AGGRESSIVE;
				GCC_WARN_UNUSED_FUNCTION = YES;
				GCC_WARN_UNUSED_VARIABLE = YES;
				IPHONEOS_DEPLOYMENT_TARGET = 17.2;
				LOCALIZATION_PREFERS_STRING_CATALOGS = YES;
				MTL_ENABLE_DEBUG_INFO = INCLUDE_SOURCE;
				MTL_FAST_MATH = YES;
				ONLY_ACTIVE_ARCH = YES;
				SDKROOT = iphoneos;
				SWIFT_ACTIVE_COMPILATION_CONDITIONS = "DEBUG $(inherited)";
				SWIFT_OPTIMIZATION_LEVEL = "-Onone";
			};
			name = Debug;
		};
		CC8F279A2B61D7D800FCCB5D /* Release */ = {
			isa = XCBuildConfiguration;
			buildSettings = {
				ALWAYS_SEARCH_USER_PATHS = NO;
				ASSETCATALOG_COMPILER_GENERATE_SWIFT_ASSET_SYMBOL_EXTENSIONS = YES;
				CLANG_ANALYZER_NONNULL = YES;
				CLANG_ANALYZER_NUMBER_OBJECT_CONVERSION = YES_AGGRESSIVE;
				CLANG_CXX_LANGUAGE_STANDARD = "gnu++20";
				CLANG_ENABLE_MODULES = YES;
				CLANG_ENABLE_OBJC_ARC = YES;
				CLANG_ENABLE_OBJC_WEAK = YES;
				CLANG_WARN_BLOCK_CAPTURE_AUTORELEASING = YES;
				CLANG_WARN_BOOL_CONVERSION = YES;
				CLANG_WARN_COMMA = YES;
				CLANG_WARN_CONSTANT_CONVERSION = YES;
				CLANG_WARN_DEPRECATED_OBJC_IMPLEMENTATIONS = YES;
				CLANG_WARN_DIRECT_OBJC_ISA_USAGE = YES_ERROR;
				CLANG_WARN_DOCUMENTATION_COMMENTS = YES;
				CLANG_WARN_EMPTY_BODY = YES;
				CLANG_WARN_ENUM_CONVERSION = YES;
				CLANG_WARN_INFINITE_RECURSION = YES;
				CLANG_WARN_INT_CONVERSION = YES;
				CLANG_WARN_NON_LITERAL_NULL_CONVERSION = YES;
				CLANG_WARN_OBJC_IMPLICIT_RETAIN_SELF = YES;
				CLANG_WARN_OBJC_LITERAL_CONVERSION = YES;
				CLANG_WARN_OBJC_ROOT_CLASS = YES_ERROR;
				CLANG_WARN_QUOTED_INCLUDE_IN_FRAMEWORK_HEADER = YES;
				CLANG_WARN_RANGE_LOOP_ANALYSIS = YES;
				CLANG_WARN_STRICT_PROTOTYPES = YES;
				CLANG_WARN_SUSPICIOUS_MOVE = YES;
				CLANG_WARN_UNGUARDED_AVAILABILITY = YES_AGGRESSIVE;
				CLANG_WARN_UNREACHABLE_CODE = YES;
				CLANG_WARN__DUPLICATE_METHOD_MATCH = YES;
				COPY_PHASE_STRIP = NO;
				DEBUG_INFORMATION_FORMAT = "dwarf-with-dsym";
				ENABLE_NS_ASSERTIONS = NO;
				ENABLE_STRICT_OBJC_MSGSEND = YES;
				ENABLE_USER_SCRIPT_SANDBOXING = YES;
				GCC_C_LANGUAGE_STANDARD = gnu17;
				GCC_NO_COMMON_BLOCKS = YES;
				GCC_WARN_64_TO_32_BIT_CONVERSION = YES;
				GCC_WARN_ABOUT_RETURN_TYPE = YES_ERROR;
				GCC_WARN_UNDECLARED_SELECTOR = YES;
				GCC_WARN_UNINITIALIZED_AUTOS = YES_AGGRESSIVE;
				GCC_WARN_UNUSED_FUNCTION = YES;
				GCC_WARN_UNUSED_VARIABLE = YES;
				IPHONEOS_DEPLOYMENT_TARGET = 17.2;
				LOCALIZATION_PREFERS_STRING_CATALOGS = YES;
				MTL_ENABLE_DEBUG_INFO = NO;
				MTL_FAST_MATH = YES;
				SDKROOT = iphoneos;
				SWIFT_COMPILATION_MODE = wholemodule;
				VALIDATE_PRODUCT = YES;
			};
			name = Release;
		};
		CC8F279C2B61D7D800FCCB5D /* Debug */ = {
			isa = XCBuildConfiguration;
			buildSettings = {
				ASSETCATALOG_COMPILER_APPICON_NAME = AppIcon;
				ASSETCATALOG_COMPILER_GLOBAL_ACCENT_COLOR_NAME = AccentColor;
				CODE_SIGN_STYLE = Automatic;
				CURRENT_PROJECT_VERSION = 1;
				DEVELOPMENT_TEAM = J89XP6WQS5;
				GENERATE_INFOPLIST_FILE = YES;
				INFOPLIST_FILE = AppBFBackFront/Info.plist;
				INFOPLIST_KEY_UIApplicationSupportsIndirectInputEvents = YES;
				INFOPLIST_KEY_UILaunchStoryboardName = LaunchScreen;
				INFOPLIST_KEY_UIMainStoryboardFile = "";
				INFOPLIST_KEY_UISupportedInterfaceOrientations_iPad = "UIInterfaceOrientationPortrait UIInterfaceOrientationPortraitUpsideDown UIInterfaceOrientationLandscapeLeft UIInterfaceOrientationLandscapeRight";
				INFOPLIST_KEY_UISupportedInterfaceOrientations_iPhone = "UIInterfaceOrientationPortrait UIInterfaceOrientationLandscapeLeft UIInterfaceOrientationLandscapeRight";
				LD_RUNPATH_SEARCH_PATHS = (
					"$(inherited)",
					"@executable_path/Frameworks",
				);
				MARKETING_VERSION = 1.0;
				PRODUCT_BUNDLE_IDENTIFIER = br.com.vierrra.AppBFBackFront;
				PRODUCT_NAME = "$(TARGET_NAME)";
				SWIFT_EMIT_LOC_STRINGS = YES;
				SWIFT_VERSION = 5.0;
				TARGETED_DEVICE_FAMILY = "1,2";
			};
			name = Debug;
		};
		CC8F279D2B61D7D800FCCB5D /* Release */ = {
			isa = XCBuildConfiguration;
			buildSettings = {
				ASSETCATALOG_COMPILER_APPICON_NAME = AppIcon;
				ASSETCATALOG_COMPILER_GLOBAL_ACCENT_COLOR_NAME = AccentColor;
				CODE_SIGN_STYLE = Automatic;
				CURRENT_PROJECT_VERSION = 1;
				DEVELOPMENT_TEAM = J89XP6WQS5;
				GENERATE_INFOPLIST_FILE = YES;
				INFOPLIST_FILE = AppBFBackFront/Info.plist;
				INFOPLIST_KEY_UIApplicationSupportsIndirectInputEvents = YES;
				INFOPLIST_KEY_UILaunchStoryboardName = LaunchScreen;
				INFOPLIST_KEY_UIMainStoryboardFile = "";
				INFOPLIST_KEY_UISupportedInterfaceOrientations_iPad = "UIInterfaceOrientationPortrait UIInterfaceOrientationPortraitUpsideDown UIInterfaceOrientationLandscapeLeft UIInterfaceOrientationLandscapeRight";
				INFOPLIST_KEY_UISupportedInterfaceOrientations_iPhone = "UIInterfaceOrientationPortrait UIInterfaceOrientationLandscapeLeft UIInterfaceOrientationLandscapeRight";
				LD_RUNPATH_SEARCH_PATHS = (
					"$(inherited)",
					"@executable_path/Frameworks",
				);
				MARKETING_VERSION = 1.0;
				PRODUCT_BUNDLE_IDENTIFIER = br.com.vierrra.AppBFBackFront;
				PRODUCT_NAME = "$(TARGET_NAME)";
				SWIFT_EMIT_LOC_STRINGS = YES;
				SWIFT_VERSION = 5.0;
				TARGETED_DEVICE_FAMILY = "1,2";
			};
			name = Release;
		};
/* End XCBuildConfiguration section */

/* Begin XCConfigurationList section */
		CC8F27822B61D7D600FCCB5D /* Build configuration list for PBXProject "AppBFBackFront" */ = {
			isa = XCConfigurationList;
			buildConfigurations = (
				CC8F27992B61D7D800FCCB5D /* Debug */,
				CC8F279A2B61D7D800FCCB5D /* Release */,
			);
			defaultConfigurationIsVisible = 0;
			defaultConfigurationName = Release;
		};
		CC8F279B2B61D7D800FCCB5D /* Build configuration list for PBXNativeTarget "AppBFBackFront" */ = {
			isa = XCConfigurationList;
			buildConfigurations = (
				CC8F279C2B61D7D800FCCB5D /* Debug */,
				CC8F279D2B61D7D800FCCB5D /* Release */,
			);
			defaultConfigurationIsVisible = 0;
			defaultConfigurationName = Release;
		};
/* End XCConfigurationList section */
	};
	rootObject = CC8F277F2B61D7D600FCCB5D /* Project object */;
}
